
Microsoft Visual Studio Solution File, Format Version 12.00
# Visual Studio Version 16
VisualStudioVersion = 16.0.31605.320
MinimumVisualStudioVersion = 10.0.40219.1
Project("{9A19103F-16F7-4668-BE54-9A1E7A4F7556}") = "Counter", "Counter\Counter.csproj", "{C498141A-AD49-4C6E-9244-E5EB28EB1421}"
EndProject
Project("{9A19103F-16F7-4668-BE54-9A1E7A4F7556}") = "Singleton", "Singleton\Singleton.csproj", "{CDA493F5-C06A-41FF-B5F0-1AF6DCEA79E0}"
EndProject
Project("{FAE04EC0-301F-11D3-BF4B-00C04F79EFBC}") = "CounterTest", "CounterTest\CounterTest.csproj", "{D5836FD9-378E-44FB-A6B6-DB8F47F9A994}"
EndProject
Global
	GlobalSection(SolutionConfigurationPlatforms) = preSolution
		Debug|Any CPU = Debug|Any CPU
		Release|Any CPU = Release|Any CPU
	EndGlobalSection
	GlobalSection(ProjectConfigurationPlatforms) = postSolution
		{C498141A-AD49-4C6E-9244-E5EB28EB1421}.Debug|Any CPU.ActiveCfg = Debug|Any CPU
		{C498141A-AD49-4C6E-9244-E5EB28EB1421}.Debug|Any CPU.Build.0 = Debug|Any CPU
		{C498141A-AD49-4C6E-9244-E5EB28EB1421}.Release|Any CPU.ActiveCfg = Release|Any CPU
		{C498141A-AD49-4C6E-9244-E5EB28EB1421}.Release|Any CPU.Build.0 = Release|Any CPU
		{CDA493F5-C06A-41FF-B5F0-1AF6DCEA79E0}.Debug|Any CPU.ActiveCfg = Debug|Any CPU
		{CDA493F5-C06A-41FF-B5F0-1AF6DCEA79E0}.Debug|Any CPU.Build.0 = Debug|Any CPU
		{CDA493F5-C06A-41FF-B5F0-1AF6DCEA79E0}.Release|Any CPU.ActiveCfg = Release|Any CPU
		{CDA493F5-C06A-41FF-B5F0-1AF6DCEA79E0}.Release|Any CPU.Build.0 = Release|Any CPU
		{D5836FD9-378E-44FB-A6B6-DB8F47F9A994}.Debug|Any CPU.ActiveCfg = Debug|Any CPU
		{D5836FD9-378E-44FB-A6B6-DB8F47F9A994}.Debug|Any CPU.Build.0 = Debug|Any CPU
		{D5836FD9-378E-44FB-A6B6-DB8F47F9A994}.Release|Any CPU.ActiveCfg = Release|Any CPU
		{D5836FD9-378E-44FB-A6B6-DB8F47F9A994}.Release|Any CPU.Build.0 = Release|Any CPU
	EndGlobalSection
	GlobalSection(SolutionProperties) = preSolution
		HideSolutionNode = FALSE
	EndGlobalSection
	GlobalSection(ExtensibilityGlobals) = postSolution
		SolutionGuid = {9DA76730-6B69-49B0-ADEA-939C86297CEE}
	EndGlobalSection
EndGlobal
